
Microsoft Visual Studio Solution File, Format Version 12.00
# Visual Studio Version 17
VisualStudioVersion = 17.2.32630.192
MinimumVisualStudioVersion = 10.0.40219.1
Project("{9A19103F-16F7-4668-BE54-9A1E7A4F7556}") = "MindITCommonModulesAPI", "MindITCommonModulesAPI\MindITCommonModulesAPI.csproj", "{FE476499-E8F4-416E-A593-5E5C5A1E08E2}"
EndProject
Project("{9A19103F-16F7-4668-BE54-9A1E7A4F7556}") = "MindITCommonAPITest", "MindITCommonAPITest\MindITCommonAPITest.csproj", "{A3D8B4EB-F670-4E20-B2DB-53BFC1980384}"
EndProject
Global
	GlobalSection(SolutionConfigurationPlatforms) = preSolution
		Debug|Any CPU = Debug|Any CPU
		Release|Any CPU = Release|Any CPU
	EndGlobalSection
	GlobalSection(ProjectConfigurationPlatforms) = postSolution
		{FE476499-E8F4-416E-A593-5E5C5A1E08E2}.Debug|Any CPU.ActiveCfg = Debug|Any CPU
		{FE476499-E8F4-416E-A593-5E5C5A1E08E2}.Debug|Any CPU.Build.0 = Debug|Any CPU
		{FE476499-E8F4-416E-A593-5E5C5A1E08E2}.Release|Any CPU.ActiveCfg = Release|Any CPU
		{FE476499-E8F4-416E-A593-5E5C5A1E08E2}.Release|Any CPU.Build.0 = Release|Any CPU
		{A3D8B4EB-F670-4E20-B2DB-53BFC1980384}.Debug|Any CPU.ActiveCfg = Debug|Any CPU
		{A3D8B4EB-F670-4E20-B2DB-53BFC1980384}.Debug|Any CPU.Build.0 = Debug|Any CPU
		{A3D8B4EB-F670-4E20-B2DB-53BFC1980384}.Release|Any CPU.ActiveCfg = Release|Any CPU
		{A3D8B4EB-F670-4E20-B2DB-53BFC1980384}.Release|Any CPU.Build.0 = Release|Any CPU
	EndGlobalSection
	GlobalSection(SolutionProperties) = preSolution
		HideSolutionNode = FALSE
	EndGlobalSection
	GlobalSection(ExtensibilityGlobals) = postSolution
		SolutionGuid = {EA6A8785-E05C-4931-8BA6-A80A9A78BC65}
	EndGlobalSection
EndGlobal
